// !$*UTF8*$!
{
	archiveVersion = 1;
	classes = {
	};
	objectVersion = 51;
	objects = {

/* Begin PBXBuildFile section */
		38B7A5EA2D5F3E64D6E4473B /* Pods_LinioChallengeTests.framework in Frameworks */ = {isa = PBXBuildFile; fileRef = 2CCA7138F44DB5A370A1B83B /* Pods_LinioChallengeTests.framework */; };
		8FFE3C43C00A8AE7BF8B6334 /* Pods_LinioChallenge.framework in Frameworks */ = {isa = PBXBuildFile; fileRef = 9B6555B7F647261ECCB371BA /* Pods_LinioChallenge.framework */; };
		9A1EA75222C28D4900ECD548 /* AppDelegate.swift in Sources */ = {isa = PBXBuildFile; fileRef = 9A1EA75122C28D4900ECD548 /* AppDelegate.swift */; };
		9A1EA75422C28D4900ECD548 /* ViewController.swift in Sources */ = {isa = PBXBuildFile; fileRef = 9A1EA75322C28D4900ECD548 /* ViewController.swift */; };
		9A1EA75722C28D4900ECD548 /* Main.storyboard in Resources */ = {isa = PBXBuildFile; fileRef = 9A1EA75522C28D4900ECD548 /* Main.storyboard */; };
		9A1EA75A22C28D4900ECD548 /* LinioChallenge.xcdatamodeld in Sources */ = {isa = PBXBuildFile; fileRef = 9A1EA75822C28D4900ECD548 /* LinioChallenge.xcdatamodeld */; };
		9A1EA75C22C28D4B00ECD548 /* Assets.xcassets in Resources */ = {isa = PBXBuildFile; fileRef = 9A1EA75B22C28D4B00ECD548 /* Assets.xcassets */; };
		9A1EA75F22C28D4B00ECD548 /* LaunchScreen.storyboard in Resources */ = {isa = PBXBuildFile; fileRef = 9A1EA75D22C28D4B00ECD548 /* LaunchScreen.storyboard */; };
		9A1EA76A22C28D4C00ECD548 /* LinioChallengeTests.swift in Sources */ = {isa = PBXBuildFile; fileRef = 9A1EA76922C28D4C00ECD548 /* LinioChallengeTests.swift */; };
		9A1EA77522C28D4C00ECD548 /* LinioChallengeUITests.swift in Sources */ = {isa = PBXBuildFile; fileRef = 9A1EA77422C28D4C00ECD548 /* LinioChallengeUITests.swift */; };
		9A1EA78622C2919800ECD548 /* MainController.swift in Sources */ = {isa = PBXBuildFile; fileRef = 9A1EA78522C2919800ECD548 /* MainController.swift */; };
		9A1EA78822C2960A00ECD548 /* MainViewModel.swift in Sources */ = {isa = PBXBuildFile; fileRef = 9A1EA78722C2960A00ECD548 /* MainViewModel.swift */; };
		9A1EA78A22C296D600ECD548 /* FavoritesModel.swift in Sources */ = {isa = PBXBuildFile; fileRef = 9A1EA78922C296D600ECD548 /* FavoritesModel.swift */; };
		9A1EA78E22C29B7C00ECD548 /* LoadingView.swift in Sources */ = {isa = PBXBuildFile; fileRef = 9A1EA78C22C29B7C00ECD548 /* LoadingView.swift */; };
		9A1EA78F22C29B7C00ECD548 /* LoadingView.xib in Resources */ = {isa = PBXBuildFile; fileRef = 9A1EA78D22C29B7C00ECD548 /* LoadingView.xib */; };
		9A1EA79222C29C1F00ECD548 /* Extensions.swift in Sources */ = {isa = PBXBuildFile; fileRef = 9A1EA79122C29C1F00ECD548 /* Extensions.swift */; };
		9A1EA79722C29D3F00ECD548 /* HeaderViewCell.swift in Sources */ = {isa = PBXBuildFile; fileRef = 9A1EA79522C29D3F00ECD548 /* HeaderViewCell.swift */; };
		9A1EA79822C29D3F00ECD548 /* HeaderViewCell.xib in Resources */ = {isa = PBXBuildFile; fileRef = 9A1EA79622C29D3F00ECD548 /* HeaderViewCell.xib */; };
		9A1EA79B22C29D5000ECD548 /* FooterViewCell.swift in Sources */ = {isa = PBXBuildFile; fileRef = 9A1EA79922C29D5000ECD548 /* FooterViewCell.swift */; };
		9A1EA79C22C29D5000ECD548 /* FooterViewCell.xib in Resources */ = {isa = PBXBuildFile; fileRef = 9A1EA79A22C29D5000ECD548 /* FooterViewCell.xib */; };
		9A1EA79E22C2D09B00ECD548 /* wishlist.json in Resources */ = {isa = PBXBuildFile; fileRef = 9A1EA79D22C2D09B00ECD548 /* wishlist.json */; };
		9A1EA7A022C2D6E000ECD548 /* ServiceUtils.swift in Sources */ = {isa = PBXBuildFile; fileRef = 9A1EA79F22C2D6E000ECD548 /* ServiceUtils.swift */; };
		9A1EA7A222C2D7E500ECD548 /* ServiceViewModel.swift in Sources */ = {isa = PBXBuildFile; fileRef = 9A1EA7A122C2D7E500ECD548 /* ServiceViewModel.swift */; };
		9A1EA7A422C2D7F100ECD548 /* ServiceManager.swift in Sources */ = {isa = PBXBuildFile; fileRef = 9A1EA7A322C2D7F100ECD548 /* ServiceManager.swift */; };
		9A1EA7A522C2DA7000ECD548 /* ServiceViewModel.swift in Sources */ = {isa = PBXBuildFile; fileRef = 9A1EA7A122C2D7E500ECD548 /* ServiceViewModel.swift */; };
		9A1EA7A622C2DA9100ECD548 /* ServiceUtils.swift in Sources */ = {isa = PBXBuildFile; fileRef = 9A1EA79F22C2D6E000ECD548 /* ServiceUtils.swift */; };
		9A1EA7A722C2DACD00ECD548 /* FavoritesModel.swift in Sources */ = {isa = PBXBuildFile; fileRef = 9A1EA78922C296D600ECD548 /* FavoritesModel.swift */; };
		9A1EA7A822C2DBA300ECD548 /* ServiceManager.swift in Sources */ = {isa = PBXBuildFile; fileRef = 9A1EA7A322C2D7F100ECD548 /* ServiceManager.swift */; };
		D73DF8B737A10C6254C631C3 /* Pods_LinioChallengeUITests.framework in Frameworks */ = {isa = PBXBuildFile; fileRef = A685406A981E3A09F1C992F1 /* Pods_LinioChallengeUITests.framework */; };
/* End PBXBuildFile section */

/* Begin PBXContainerItemProxy section */
		9A1EA76622C28D4C00ECD548 /* PBXContainerItemProxy */ = {
			isa = PBXContainerItemProxy;
			containerPortal = 9A1EA74622C28D4900ECD548 /* Project object */;
			proxyType = 1;
			remoteGlobalIDString = 9A1EA74D22C28D4900ECD548;
			remoteInfo = LinioChallenge;
		};
		9A1EA77122C28D4C00ECD548 /* PBXContainerItemProxy */ = {
			isa = PBXContainerItemProxy;
			containerPortal = 9A1EA74622C28D4900ECD548 /* Project object */;
			proxyType = 1;
			remoteGlobalIDString = 9A1EA74D22C28D4900ECD548;
			remoteInfo = LinioChallenge;
		};
/* End PBXContainerItemProxy section */

/* Begin PBXFileReference section */
		19F1DCD40D68E227A2A82F18 /* Pods-LinioChallenge.release.xcconfig */ = {isa = PBXFileReference; includeInIndex = 1; lastKnownFileType = text.xcconfig; name = "Pods-LinioChallenge.release.xcconfig"; path = "Target Support Files/Pods-LinioChallenge/Pods-LinioChallenge.release.xcconfig"; sourceTree = "<group>"; };
		2CCA7138F44DB5A370A1B83B /* Pods_LinioChallengeTests.framework */ = {isa = PBXFileReference; explicitFileType = wrapper.framework; includeInIndex = 0; path = Pods_LinioChallengeTests.framework; sourceTree = BUILT_PRODUCTS_DIR; };
		72A602FA65FF80F43498FE9F /* Pods-LinioChallengeTests.debug.xcconfig */ = {isa = PBXFileReference; includeInIndex = 1; lastKnownFileType = text.xcconfig; name = "Pods-LinioChallengeTests.debug.xcconfig"; path = "Target Support Files/Pods-LinioChallengeTests/Pods-LinioChallengeTests.debug.xcconfig"; sourceTree = "<group>"; };
		8BEA2486765646111839DA51 /* Pods-LinioChallengeUITests.debug.xcconfig */ = {isa = PBXFileReference; includeInIndex = 1; lastKnownFileType = text.xcconfig; name = "Pods-LinioChallengeUITests.debug.xcconfig"; path = "Target Support Files/Pods-LinioChallengeUITests/Pods-LinioChallengeUITests.debug.xcconfig"; sourceTree = "<group>"; };
		9A1EA74E22C28D4900ECD548 /* LinioChallenge.app */ = {isa = PBXFileReference; explicitFileType = wrapper.application; includeInIndex = 0; path = LinioChallenge.app; sourceTree = BUILT_PRODUCTS_DIR; };
		9A1EA75122C28D4900ECD548 /* AppDelegate.swift */ = {isa = PBXFileReference; lastKnownFileType = sourcecode.swift; path = AppDelegate.swift; sourceTree = "<group>"; };
		9A1EA75322C28D4900ECD548 /* ViewController.swift */ = {isa = PBXFileReference; lastKnownFileType = sourcecode.swift; path = ViewController.swift; sourceTree = "<group>"; };
		9A1EA75622C28D4900ECD548 /* Base */ = {isa = PBXFileReference; lastKnownFileType = file.storyboard; name = Base; path = Base.lproj/Main.storyboard; sourceTree = "<group>"; };
		9A1EA75922C28D4900ECD548 /* LinioChallenge.xcdatamodel */ = {isa = PBXFileReference; lastKnownFileType = wrapper.xcdatamodel; path = LinioChallenge.xcdatamodel; sourceTree = "<group>"; };
		9A1EA75B22C28D4B00ECD548 /* Assets.xcassets */ = {isa = PBXFileReference; lastKnownFileType = folder.assetcatalog; path = Assets.xcassets; sourceTree = "<group>"; };
		9A1EA75E22C28D4B00ECD548 /* Base */ = {isa = PBXFileReference; lastKnownFileType = file.storyboard; name = Base; path = Base.lproj/LaunchScreen.storyboard; sourceTree = "<group>"; };
		9A1EA76022C28D4C00ECD548 /* Info.plist */ = {isa = PBXFileReference; lastKnownFileType = text.plist.xml; path = Info.plist; sourceTree = "<group>"; };
		9A1EA76522C28D4C00ECD548 /* LinioChallengeTests.xctest */ = {isa = PBXFileReference; explicitFileType = wrapper.cfbundle; includeInIndex = 0; path = LinioChallengeTests.xctest; sourceTree = BUILT_PRODUCTS_DIR; };
		9A1EA76922C28D4C00ECD548 /* LinioChallengeTests.swift */ = {isa = PBXFileReference; lastKnownFileType = sourcecode.swift; path = LinioChallengeTests.swift; sourceTree = "<group>"; };
		9A1EA76B22C28D4C00ECD548 /* Info.plist */ = {isa = PBXFileReference; lastKnownFileType = text.plist.xml; path = Info.plist; sourceTree = "<group>"; };
		9A1EA77022C28D4C00ECD548 /* LinioChallengeUITests.xctest */ = {isa = PBXFileReference; explicitFileType = wrapper.cfbundle; includeInIndex = 0; path = LinioChallengeUITests.xctest; sourceTree = BUILT_PRODUCTS_DIR; };
		9A1EA77422C28D4C00ECD548 /* LinioChallengeUITests.swift */ = {isa = PBXFileReference; lastKnownFileType = sourcecode.swift; path = LinioChallengeUITests.swift; sourceTree = "<group>"; };
		9A1EA77622C28D4C00ECD548 /* Info.plist */ = {isa = PBXFileReference; lastKnownFileType = text.plist.xml; path = Info.plist; sourceTree = "<group>"; };
		9A1EA78522C2919800ECD548 /* MainController.swift */ = {isa = PBXFileReference; lastKnownFileType = sourcecode.swift; path = MainController.swift; sourceTree = "<group>"; };
		9A1EA78722C2960A00ECD548 /* MainViewModel.swift */ = {isa = PBXFileReference; lastKnownFileType = sourcecode.swift; path = MainViewModel.swift; sourceTree = "<group>"; };
		9A1EA78922C296D600ECD548 /* FavoritesModel.swift */ = {isa = PBXFileReference; lastKnownFileType = sourcecode.swift; path = FavoritesModel.swift; sourceTree = "<group>"; };
		9A1EA78C22C29B7C00ECD548 /* LoadingView.swift */ = {isa = PBXFileReference; fileEncoding = 4; lastKnownFileType = sourcecode.swift; path = LoadingView.swift; sourceTree = "<group>"; };
		9A1EA78D22C29B7C00ECD548 /* LoadingView.xib */ = {isa = PBXFileReference; fileEncoding = 4; lastKnownFileType = file.xib; path = LoadingView.xib; sourceTree = "<group>"; };
		9A1EA79122C29C1F00ECD548 /* Extensions.swift */ = {isa = PBXFileReference; lastKnownFileType = sourcecode.swift; path = Extensions.swift; sourceTree = "<group>"; };
		9A1EA79522C29D3F00ECD548 /* HeaderViewCell.swift */ = {isa = PBXFileReference; lastKnownFileType = sourcecode.swift; path = HeaderViewCell.swift; sourceTree = "<group>"; };
		9A1EA79622C29D3F00ECD548 /* HeaderViewCell.xib */ = {isa = PBXFileReference; lastKnownFileType = file.xib; path = HeaderViewCell.xib; sourceTree = "<group>"; };
		9A1EA79922C29D5000ECD548 /* FooterViewCell.swift */ = {isa = PBXFileReference; lastKnownFileType = sourcecode.swift; path = FooterViewCell.swift; sourceTree = "<group>"; };
		9A1EA79A22C29D5000ECD548 /* FooterViewCell.xib */ = {isa = PBXFileReference; lastKnownFileType = file.xib; path = FooterViewCell.xib; sourceTree = "<group>"; };
		9A1EA79D22C2D09B00ECD548 /* wishlist.json */ = {isa = PBXFileReference; fileEncoding = 4; lastKnownFileType = text.json; path = wishlist.json; sourceTree = "<group>"; };
		9A1EA79F22C2D6E000ECD548 /* ServiceUtils.swift */ = {isa = PBXFileReference; lastKnownFileType = sourcecode.swift; path = ServiceUtils.swift; sourceTree = "<group>"; };
		9A1EA7A122C2D7E500ECD548 /* ServiceViewModel.swift */ = {isa = PBXFileReference; lastKnownFileType = sourcecode.swift; path = ServiceViewModel.swift; sourceTree = "<group>"; };
		9A1EA7A322C2D7F100ECD548 /* ServiceManager.swift */ = {isa = PBXFileReference; lastKnownFileType = sourcecode.swift; path = ServiceManager.swift; sourceTree = "<group>"; };
		9A8FA0A0D9726E88DF2E44FB /* Pods-LinioChallengeTests.release.xcconfig */ = {isa = PBXFileReference; includeInIndex = 1; lastKnownFileType = text.xcconfig; name = "Pods-LinioChallengeTests.release.xcconfig"; path = "Target Support Files/Pods-LinioChallengeTests/Pods-LinioChallengeTests.release.xcconfig"; sourceTree = "<group>"; };
		9B6555B7F647261ECCB371BA /* Pods_LinioChallenge.framework */ = {isa = PBXFileReference; explicitFileType = wrapper.framework; includeInIndex = 0; path = Pods_LinioChallenge.framework; sourceTree = BUILT_PRODUCTS_DIR; };
		A685406A981E3A09F1C992F1 /* Pods_LinioChallengeUITests.framework */ = {isa = PBXFileReference; explicitFileType = wrapper.framework; includeInIndex = 0; path = Pods_LinioChallengeUITests.framework; sourceTree = BUILT_PRODUCTS_DIR; };
		BA88BB72267B1928B4ECF948 /* Pods-LinioChallengeUITests.release.xcconfig */ = {isa = PBXFileReference; includeInIndex = 1; lastKnownFileType = text.xcconfig; name = "Pods-LinioChallengeUITests.release.xcconfig"; path = "Target Support Files/Pods-LinioChallengeUITests/Pods-LinioChallengeUITests.release.xcconfig"; sourceTree = "<group>"; };
		E6F2580A7F9FEFC44C9E8FC1 /* Pods-LinioChallenge.debug.xcconfig */ = {isa = PBXFileReference; includeInIndex = 1; lastKnownFileType = text.xcconfig; name = "Pods-LinioChallenge.debug.xcconfig"; path = "Target Support Files/Pods-LinioChallenge/Pods-LinioChallenge.debug.xcconfig"; sourceTree = "<group>"; };
/* End PBXFileReference section */

/* Begin PBXFrameworksBuildPhase section */
		9A1EA74B22C28D4900ECD548 /* Frameworks */ = {
			isa = PBXFrameworksBuildPhase;
			buildActionMask = 2147483647;
			files = (
				8FFE3C43C00A8AE7BF8B6334 /* Pods_LinioChallenge.framework in Frameworks */,
			);
			runOnlyForDeploymentPostprocessing = 0;
		};
		9A1EA76222C28D4C00ECD548 /* Frameworks */ = {
			isa = PBXFrameworksBuildPhase;
			buildActionMask = 2147483647;
			files = (
				38B7A5EA2D5F3E64D6E4473B /* Pods_LinioChallengeTests.framework in Frameworks */,
			);
			runOnlyForDeploymentPostprocessing = 0;
		};
		9A1EA76D22C28D4C00ECD548 /* Frameworks */ = {
			isa = PBXFrameworksBuildPhase;
			buildActionMask = 2147483647;
			files = (
				D73DF8B737A10C6254C631C3 /* Pods_LinioChallengeUITests.framework in Frameworks */,
			);
			runOnlyForDeploymentPostprocessing = 0;
		};
/* End PBXFrameworksBuildPhase section */

/* Begin PBXGroup section */
		3B891D9AE1DD431F8729931A /* Frameworks */ = {
			isa = PBXGroup;
			children = (
				9B6555B7F647261ECCB371BA /* Pods_LinioChallenge.framework */,
				2CCA7138F44DB5A370A1B83B /* Pods_LinioChallengeTests.framework */,
				A685406A981E3A09F1C992F1 /* Pods_LinioChallengeUITests.framework */,
			);
			name = Frameworks;
			sourceTree = "<group>";
		};
		60E810E7E3950BB910D99FFB /* Pods */ = {
			isa = PBXGroup;
			children = (
				E6F2580A7F9FEFC44C9E8FC1 /* Pods-LinioChallenge.debug.xcconfig */,
				19F1DCD40D68E227A2A82F18 /* Pods-LinioChallenge.release.xcconfig */,
				72A602FA65FF80F43498FE9F /* Pods-LinioChallengeTests.debug.xcconfig */,
				9A8FA0A0D9726E88DF2E44FB /* Pods-LinioChallengeTests.release.xcconfig */,
				8BEA2486765646111839DA51 /* Pods-LinioChallengeUITests.debug.xcconfig */,
				BA88BB72267B1928B4ECF948 /* Pods-LinioChallengeUITests.release.xcconfig */,
			);
			path = Pods;
			sourceTree = "<group>";
		};
		9A1EA74522C28D4900ECD548 = {
			isa = PBXGroup;
			children = (
				9A1EA75022C28D4900ECD548 /* LinioChallenge */,
				9A1EA76822C28D4C00ECD548 /* LinioChallengeTests */,
				9A1EA77322C28D4C00ECD548 /* LinioChallengeUITests */,
				9A1EA74F22C28D4900ECD548 /* Products */,
				60E810E7E3950BB910D99FFB /* Pods */,
				3B891D9AE1DD431F8729931A /* Frameworks */,
			);
			sourceTree = "<group>";
		};
		9A1EA74F22C28D4900ECD548 /* Products */ = {
			isa = PBXGroup;
			children = (
				9A1EA74E22C28D4900ECD548 /* LinioChallenge.app */,
				9A1EA76522C28D4C00ECD548 /* LinioChallengeTests.xctest */,
				9A1EA77022C28D4C00ECD548 /* LinioChallengeUITests.xctest */,
			);
			name = Products;
			sourceTree = "<group>";
		};
		9A1EA75022C28D4900ECD548 /* LinioChallenge */ = {
			isa = PBXGroup;
			children = (
				9A1EA79D22C2D09B00ECD548 /* wishlist.json */,
				9A1EA79022C29BA800ECD548 /* Utils */,
				9A1EA78B22C29B4A00ECD548 /* Views */,
				9A1EA78422C2916C00ECD548 /* ViewControllers */,
				9A1EA78322C2916600ECD548 /* ViewModel */,
				9A1EA78222C2916100ECD548 /* Model */,
				9A1EA75122C28D4900ECD548 /* AppDelegate.swift */,
				9A1EA75322C28D4900ECD548 /* ViewController.swift */,
				9A1EA75522C28D4900ECD548 /* Main.storyboard */,
				9A1EA75B22C28D4B00ECD548 /* Assets.xcassets */,
				9A1EA75D22C28D4B00ECD548 /* LaunchScreen.storyboard */,
				9A1EA76022C28D4C00ECD548 /* Info.plist */,
				9A1EA75822C28D4900ECD548 /* LinioChallenge.xcdatamodeld */,
			);
			path = LinioChallenge;
			sourceTree = "<group>";
		};
		9A1EA76822C28D4C00ECD548 /* LinioChallengeTests */ = {
			isa = PBXGroup;
			children = (
				9A1EA76922C28D4C00ECD548 /* LinioChallengeTests.swift */,
				9A1EA76B22C28D4C00ECD548 /* Info.plist */,
			);
			path = LinioChallengeTests;
			sourceTree = "<group>";
		};
		9A1EA77322C28D4C00ECD548 /* LinioChallengeUITests */ = {
			isa = PBXGroup;
			children = (
				9A1EA77422C28D4C00ECD548 /* LinioChallengeUITests.swift */,
				9A1EA77622C28D4C00ECD548 /* Info.plist */,
			);
			path = LinioChallengeUITests;
			sourceTree = "<group>";
		};
		9A1EA78222C2916100ECD548 /* Model */ = {
			isa = PBXGroup;
			children = (
				9A1EA78922C296D600ECD548 /* FavoritesModel.swift */,
			);
			path = Model;
			sourceTree = "<group>";
		};
		9A1EA78322C2916600ECD548 /* ViewModel */ = {
			isa = PBXGroup;
			children = (
				9A1EA78722C2960A00ECD548 /* MainViewModel.swift */,
			);
			path = ViewModel;
			sourceTree = "<group>";
		};
		9A1EA78422C2916C00ECD548 /* ViewControllers */ = {
			isa = PBXGroup;
			children = (
				9A1EA78522C2919800ECD548 /* MainController.swift */,
			);
			path = ViewControllers;
			sourceTree = "<group>";
		};
		9A1EA78B22C29B4A00ECD548 /* Views */ = {
			isa = PBXGroup;
			children = (
				9A1EA78C22C29B7C00ECD548 /* LoadingView.swift */,
				9A1EA78D22C29B7C00ECD548 /* LoadingView.xib */,
				9A1EA79522C29D3F00ECD548 /* HeaderViewCell.swift */,
				9A1EA79622C29D3F00ECD548 /* HeaderViewCell.xib */,
				9A1EA79922C29D5000ECD548 /* FooterViewCell.swift */,
				9A1EA79A22C29D5000ECD548 /* FooterViewCell.xib */,
			);
			path = Views;
			sourceTree = "<group>";
		};
		9A1EA79022C29BA800ECD548 /* Utils */ = {
			isa = PBXGroup;
			children = (
				9A1EA79122C29C1F00ECD548 /* Extensions.swift */,
				9A1EA79F22C2D6E000ECD548 /* ServiceUtils.swift */,
				9A1EA7A122C2D7E500ECD548 /* ServiceViewModel.swift */,
				9A1EA7A322C2D7F100ECD548 /* ServiceManager.swift */,
			);
			path = Utils;
			sourceTree = "<group>";
		};
/* End PBXGroup section */

/* Begin PBXNativeTarget section */
		9A1EA74D22C28D4900ECD548 /* LinioChallenge */ = {
			isa = PBXNativeTarget;
			buildConfigurationList = 9A1EA77922C28D4C00ECD548 /* Build configuration list for PBXNativeTarget "LinioChallenge" */;
			buildPhases = (
				A1B5B3F24F0B849A9029B7C3 /* [CP] Check Pods Manifest.lock */,
				9A1EA74A22C28D4900ECD548 /* Sources */,
				9A1EA74B22C28D4900ECD548 /* Frameworks */,
				9A1EA74C22C28D4900ECD548 /* Resources */,
				34D29CB38D1B4F82CE2402A2 /* [CP] Embed Pods Frameworks */,
			);
			buildRules = (
			);
			dependencies = (
			);
			name = LinioChallenge;
			productName = LinioChallenge;
			productReference = 9A1EA74E22C28D4900ECD548 /* LinioChallenge.app */;
			productType = "com.apple.product-type.application";
		};
		9A1EA76422C28D4C00ECD548 /* LinioChallengeTests */ = {
			isa = PBXNativeTarget;
			buildConfigurationList = 9A1EA77C22C28D4C00ECD548 /* Build configuration list for PBXNativeTarget "LinioChallengeTests" */;
			buildPhases = (
				647B63E2F211FD6F75CEC43E /* [CP] Check Pods Manifest.lock */,
				9A1EA76122C28D4C00ECD548 /* Sources */,
				9A1EA76222C28D4C00ECD548 /* Frameworks */,
				9A1EA76322C28D4C00ECD548 /* Resources */,
				7E2C76FC3693E47D93CE8751 /* [CP] Embed Pods Frameworks */,
			);
			buildRules = (
			);
			dependencies = (
				9A1EA76722C28D4C00ECD548 /* PBXTargetDependency */,
			);
			name = LinioChallengeTests;
			productName = LinioChallengeTests;
			productReference = 9A1EA76522C28D4C00ECD548 /* LinioChallengeTests.xctest */;
			productType = "com.apple.product-type.bundle.unit-test";
		};
		9A1EA76F22C28D4C00ECD548 /* LinioChallengeUITests */ = {
			isa = PBXNativeTarget;
			buildConfigurationList = 9A1EA77F22C28D4C00ECD548 /* Build configuration list for PBXNativeTarget "LinioChallengeUITests" */;
			buildPhases = (
				0630702B1BB1DE6A2C86DCE2 /* [CP] Check Pods Manifest.lock */,
				9A1EA76C22C28D4C00ECD548 /* Sources */,
				9A1EA76D22C28D4C00ECD548 /* Frameworks */,
				9A1EA76E22C28D4C00ECD548 /* Resources */,
				FFA6CE58009D4655B21AF98B /* [CP] Embed Pods Frameworks */,
			);
			buildRules = (
			);
			dependencies = (
				9A1EA77222C28D4C00ECD548 /* PBXTargetDependency */,
			);
			name = LinioChallengeUITests;
			productName = LinioChallengeUITests;
			productReference = 9A1EA77022C28D4C00ECD548 /* LinioChallengeUITests.xctest */;
			productType = "com.apple.product-type.bundle.ui-testing";
		};
/* End PBXNativeTarget section */

/* Begin PBXProject section */
		9A1EA74622C28D4900ECD548 /* Project object */ = {
			isa = PBXProject;
			attributes = {
				LastSwiftUpdateCheck = 1020;
				LastUpgradeCheck = 1020;
				ORGANIZATIONNAME = "Pablo Ramirez";
				TargetAttributes = {
					9A1EA74D22C28D4900ECD548 = {
						CreatedOnToolsVersion = 10.2.1;
					};
					9A1EA76422C28D4C00ECD548 = {
						CreatedOnToolsVersion = 10.2.1;
						TestTargetID = 9A1EA74D22C28D4900ECD548;
					};
					9A1EA76F22C28D4C00ECD548 = {
						CreatedOnToolsVersion = 10.2.1;
						TestTargetID = 9A1EA74D22C28D4900ECD548;
					};
				};
			};
			buildConfigurationList = 9A1EA74922C28D4900ECD548 /* Build configuration list for PBXProject "LinioChallenge" */;
			compatibilityVersion = "Xcode 9.3";
			developmentRegion = en;
			hasScannedForEncodings = 0;
			knownRegions = (
				en,
				Base,
			);
			mainGroup = 9A1EA74522C28D4900ECD548;
			productRefGroup = 9A1EA74F22C28D4900ECD548 /* Products */;
			projectDirPath = "";
			projectRoot = "";
			targets = (
				9A1EA74D22C28D4900ECD548 /* LinioChallenge */,
				9A1EA76422C28D4C00ECD548 /* LinioChallengeTests */,
				9A1EA76F22C28D4C00ECD548 /* LinioChallengeUITests */,
			);
		};
/* End PBXProject section */

/* Begin PBXResourcesBuildPhase section */
		9A1EA74C22C28D4900ECD548 /* Resources */ = {
			isa = PBXResourcesBuildPhase;
			buildActionMask = 2147483647;
			files = (
				9A1EA75F22C28D4B00ECD548 /* LaunchScreen.storyboard in Resources */,
				9A1EA79E22C2D09B00ECD548 /* wishlist.json in Resources */,
				9A1EA78F22C29B7C00ECD548 /* LoadingView.xib in Resources */,
				9A1EA79822C29D3F00ECD548 /* HeaderViewCell.xib in Resources */,
				9A1EA79C22C29D5000ECD548 /* FooterViewCell.xib in Resources */,
				9A1EA75C22C28D4B00ECD548 /* Assets.xcassets in Resources */,
				9A1EA75722C28D4900ECD548 /* Main.storyboard in Resources */,
			);
			runOnlyForDeploymentPostprocessing = 0;
		};
		9A1EA76322C28D4C00ECD548 /* Resources */ = {
			isa = PBXResourcesBuildPhase;
			buildActionMask = 2147483647;
			files = (
			);
			runOnlyForDeploymentPostprocessing = 0;
		};
		9A1EA76E22C28D4C00ECD548 /* Resources */ = {
			isa = PBXResourcesBuildPhase;
			buildActionMask = 2147483647;
			files = (
			);
			runOnlyForDeploymentPostprocessing = 0;
		};
/* End PBXResourcesBuildPhase section */

/* Begin PBXShellScriptBuildPhase section */
		0630702B1BB1DE6A2C86DCE2 /* [CP] Check Pods Manifest.lock */ = {
			isa = PBXShellScriptBuildPhase;
			buildActionMask = 2147483647;
			files = (
			);
			inputFileListPaths = (
			);
			inputPaths = (
				"${PODS_PODFILE_DIR_PATH}/Podfile.lock",
				"${PODS_ROOT}/Manifest.lock",
			);
			name = "[CP] Check Pods Manifest.lock";
			outputFileListPaths = (
			);
			outputPaths = (
				"$(DERIVED_FILE_DIR)/Pods-LinioChallengeUITests-checkManifestLockResult.txt",
			);
			runOnlyForDeploymentPostprocessing = 0;
			shellPath = /bin/sh;
			shellScript = "diff \"${PODS_PODFILE_DIR_PATH}/Podfile.lock\" \"${PODS_ROOT}/Manifest.lock\" > /dev/null\nif [ $? != 0 ] ; then\n    # print error to STDERR\n    echo \"error: The sandbox is not in sync with the Podfile.lock. Run 'pod install' or update your CocoaPods installation.\" >&2\n    exit 1\nfi\n# This output is used by Xcode 'outputs' to avoid re-running this script phase.\necho \"SUCCESS\" > \"${SCRIPT_OUTPUT_FILE_0}\"\n";
			showEnvVarsInLog = 0;
		};
		34D29CB38D1B4F82CE2402A2 /* [CP] Embed Pods Frameworks */ = {
			isa = PBXShellScriptBuildPhase;
			buildActionMask = 2147483647;
			files = (
			);
			inputFileListPaths = (
				"${PODS_ROOT}/Target Support Files/Pods-LinioChallenge/Pods-LinioChallenge-frameworks-${CONFIGURATION}-input-files.xcfilelist",
			);
			name = "[CP] Embed Pods Frameworks";
			outputFileListPaths = (
				"${PODS_ROOT}/Target Support Files/Pods-LinioChallenge/Pods-LinioChallenge-frameworks-${CONFIGURATION}-output-files.xcfilelist",
			);
			runOnlyForDeploymentPostprocessing = 0;
			shellPath = /bin/sh;
			shellScript = "\"${PODS_ROOT}/Target Support Files/Pods-LinioChallenge/Pods-LinioChallenge-frameworks.sh\"\n";
			showEnvVarsInLog = 0;
		};
		647B63E2F211FD6F75CEC43E /* [CP] Check Pods Manifest.lock */ = {
			isa = PBXShellScriptBuildPhase;
			buildActionMask = 2147483647;
			files = (
			);
			inputFileListPaths = (
			);
			inputPaths = (
				"${PODS_PODFILE_DIR_PATH}/Podfile.lock",
				"${PODS_ROOT}/Manifest.lock",
			);
			name = "[CP] Check Pods Manifest.lock";
			outputFileListPaths = (
			);
			outputPaths = (
				"$(DERIVED_FILE_DIR)/Pods-LinioChallengeTests-checkManifestLockResult.txt",
			);
			runOnlyForDeploymentPostprocessing = 0;
			shellPath = /bin/sh;
			shellScript = "diff \"${PODS_PODFILE_DIR_PATH}/Podfile.lock\" \"${PODS_ROOT}/Manifest.lock\" > /dev/null\nif [ $? != 0 ] ; then\n    # print error to STDERR\n    echo \"error: The sandbox is not in sync with the Podfile.lock. Run 'pod install' or update your CocoaPods installation.\" >&2\n    exit 1\nfi\n# This output is used by Xcode 'outputs' to avoid re-running this script phase.\necho \"SUCCESS\" > \"${SCRIPT_OUTPUT_FILE_0}\"\n";
			showEnvVarsInLog = 0;
		};
		7E2C76FC3693E47D93CE8751 /* [CP] Embed Pods Frameworks */ = {
			isa = PBXShellScriptBuildPhase;
			buildActionMask = 2147483647;
			files = (
			);
			inputFileListPaths = (
				"${PODS_ROOT}/Target Support Files/Pods-LinioChallengeTests/Pods-LinioChallengeTests-frameworks-${CONFIGURATION}-input-files.xcfilelist",
			);
			name = "[CP] Embed Pods Frameworks";
			outputFileListPaths = (
				"${PODS_ROOT}/Target Support Files/Pods-LinioChallengeTests/Pods-LinioChallengeTests-frameworks-${CONFIGURATION}-output-files.xcfilelist",
			);
			runOnlyForDeploymentPostprocessing = 0;
			shellPath = /bin/sh;
			shellScript = "\"${PODS_ROOT}/Target Support Files/Pods-LinioChallengeTests/Pods-LinioChallengeTests-frameworks.sh\"\n";
			showEnvVarsInLog = 0;
		};
		A1B5B3F24F0B849A9029B7C3 /* [CP] Check Pods Manifest.lock */ = {
			isa = PBXShellScriptBuildPhase;
			buildActionMask = 2147483647;
			files = (
			);
			inputFileListPaths = (
			);
			inputPaths = (
				"${PODS_PODFILE_DIR_PATH}/Podfile.lock",
				"${PODS_ROOT}/Manifest.lock",
			);
			name = "[CP] Check Pods Manifest.lock";
			outputFileListPaths = (
			);
			outputPaths = (
				"$(DERIVED_FILE_DIR)/Pods-LinioChallenge-checkManifestLockResult.txt",
			);
			runOnlyForDeploymentPostprocessing = 0;
			shellPath = /bin/sh;
			shellScript = "diff \"${PODS_PODFILE_DIR_PATH}/Podfile.lock\" \"${PODS_ROOT}/Manifest.lock\" > /dev/null\nif [ $? != 0 ] ; then\n    # print error to STDERR\n    echo \"error: The sandbox is not in sync with the Podfile.lock. Run 'pod install' or update your CocoaPods installation.\" >&2\n    exit 1\nfi\n# This output is used by Xcode 'outputs' to avoid re-running this script phase.\necho \"SUCCESS\" > \"${SCRIPT_OUTPUT_FILE_0}\"\n";
			showEnvVarsInLog = 0;
		};
		FFA6CE58009D4655B21AF98B /* [CP] Embed Pods Frameworks */ = {
			isa = PBXShellScriptBuildPhase;
			buildActionMask = 2147483647;
			files = (
			);
			inputFileListPaths = (
				"${PODS_ROOT}/Target Support Files/Pods-LinioChallengeUITests/Pods-LinioChallengeUITests-frameworks-${CONFIGURATION}-input-files.xcfilelist",
			);
			name = "[CP] Embed Pods Frameworks";
			outputFileListPaths = (
				"${PODS_ROOT}/Target Support Files/Pods-LinioChallengeUITests/Pods-LinioChallengeUITests-frameworks-${CONFIGURATION}-output-files.xcfilelist",
			);
			runOnlyForDeploymentPostprocessing = 0;
			shellPath = /bin/sh;
			shellScript = "\"${PODS_ROOT}/Target Support Files/Pods-LinioChallengeUITests/Pods-LinioChallengeUITests-frameworks.sh\"\n";
			showEnvVarsInLog = 0;
		};
/* End PBXShellScriptBuildPhase section */

/* Begin PBXSourcesBuildPhase section */
		9A1EA74A22C28D4900ECD548 /* Sources */ = {
			isa = PBXSourcesBuildPhase;
			buildActionMask = 2147483647;
			files = (
				9A1EA78822C2960A00ECD548 /* MainViewModel.swift in Sources */,
				9A1EA79B22C29D5000ECD548 /* FooterViewCell.swift in Sources */,
				9A1EA78622C2919800ECD548 /* MainController.swift in Sources */,
				9A1EA75422C28D4900ECD548 /* ViewController.swift in Sources */,
				9A1EA7A422C2D7F100ECD548 /* ServiceManager.swift in Sources */,
				9A1EA7A022C2D6E000ECD548 /* ServiceUtils.swift in Sources */,
				9A1EA79722C29D3F00ECD548 /* HeaderViewCell.swift in Sources */,
				9A1EA79222C29C1F00ECD548 /* Extensions.swift in Sources */,
				9A1EA75222C28D4900ECD548 /* AppDelegate.swift in Sources */,
				9A1EA75A22C28D4900ECD548 /* LinioChallenge.xcdatamodeld in Sources */,
				9A1EA78E22C29B7C00ECD548 /* LoadingView.swift in Sources */,
				9A1EA7A222C2D7E500ECD548 /* ServiceViewModel.swift in Sources */,
				9A1EA78A22C296D600ECD548 /* FavoritesModel.swift in Sources */,
			);
			runOnlyForDeploymentPostprocessing = 0;
		};
		9A1EA76122C28D4C00ECD548 /* Sources */ = {
			isa = PBXSourcesBuildPhase;
			buildActionMask = 2147483647;
			files = (
				9A1EA7A522C2DA7000ECD548 /* ServiceViewModel.swift in Sources */,
				9A1EA7A622C2DA9100ECD548 /* ServiceUtils.swift in Sources */,
				9A1EA76A22C28D4C00ECD548 /* LinioChallengeTests.swift in Sources */,
				9A1EA7A722C2DACD00ECD548 /* FavoritesModel.swift in Sources */,
				9A1EA7A822C2DBA300ECD548 /* ServiceManager.swift in Sources */,
			);
			runOnlyForDeploymentPostprocessing = 0;
		};
		9A1EA76C22C28D4C00ECD548 /* Sources */ = {
			isa = PBXSourcesBuildPhase;
			buildActionMask = 2147483647;
			files = (
				9A1EA77522C28D4C00ECD548 /* LinioChallengeUITests.swift in Sources */,
			);
			runOnlyForDeploymentPostprocessing = 0;
		};
/* End PBXSourcesBuildPhase section */

/* Begin PBXTargetDependency section */
		9A1EA76722C28D4C00ECD548 /* PBXTargetDependency */ = {
			isa = PBXTargetDependency;
			target = 9A1EA74D22C28D4900ECD548 /* LinioChallenge */;
			targetProxy = 9A1EA76622C28D4C00ECD548 /* PBXContainerItemProxy */;
		};
		9A1EA77222C28D4C00ECD548 /* PBXTargetDependency */ = {
			isa = PBXTargetDependency;
			target = 9A1EA74D22C28D4900ECD548 /* LinioChallenge */;
			targetProxy = 9A1EA77122C28D4C00ECD548 /* PBXContainerItemProxy */;
		};
/* End PBXTargetDependency section */

/* Begin PBXVariantGroup section */
		9A1EA75522C28D4900ECD548 /* Main.storyboard */ = {
			isa = PBXVariantGroup;
			children = (
				9A1EA75622C28D4900ECD548 /* Base */,
			);
			name = Main.storyboard;
			sourceTree = "<group>";
		};
		9A1EA75D22C28D4B00ECD548 /* LaunchScreen.storyboard */ = {
			isa = PBXVariantGroup;
			children = (
				9A1EA75E22C28D4B00ECD548 /* Base */,
			);
			name = LaunchScreen.storyboard;
			sourceTree = "<group>";
		};
/* End PBXVariantGroup section */

/* Begin XCBuildConfiguration section */
		9A1EA77722C28D4C00ECD548 /* Debug */ = {
			isa = XCBuildConfiguration;
			buildSettings = {
				ALWAYS_SEARCH_USER_PATHS = NO;
				CLANG_ANALYZER_NONNULL = YES;
				CLANG_ANALYZER_NUMBER_OBJECT_CONVERSION = YES_AGGRESSIVE;
				CLANG_CXX_LANGUAGE_STANDARD = "gnu++14";
				CLANG_CXX_LIBRARY = "libc++";
				CLANG_ENABLE_MODULES = YES;
				CLANG_ENABLE_OBJC_ARC = YES;
				CLANG_ENABLE_OBJC_WEAK = YES;
				CLANG_WARN_BLOCK_CAPTURE_AUTORELEASING = YES;
				CLANG_WARN_BOOL_CONVERSION = YES;
				CLANG_WARN_COMMA = YES;
				CLANG_WARN_CONSTANT_CONVERSION = YES;
				CLANG_WARN_DEPRECATED_OBJC_IMPLEMENTATIONS = YES;
				CLANG_WARN_DIRECT_OBJC_ISA_USAGE = YES_ERROR;
				CLANG_WARN_DOCUMENTATION_COMMENTS = YES;
				CLANG_WARN_EMPTY_BODY = YES;
				CLANG_WARN_ENUM_CONVERSION = YES;
				CLANG_WARN_INFINITE_RECURSION = YES;
				CLANG_WARN_INT_CONVERSION = YES;
				CLANG_WARN_NON_LITERAL_NULL_CONVERSION = YES;
				CLANG_WARN_OBJC_IMPLICIT_RETAIN_SELF = YES;
				CLANG_WARN_OBJC_LITERAL_CONVERSION = YES;
				CLANG_WARN_OBJC_ROOT_CLASS = YES_ERROR;
				CLANG_WARN_RANGE_LOOP_ANALYSIS = YES;
				CLANG_WARN_STRICT_PROTOTYPES = YES;
				CLANG_WARN_SUSPICIOUS_MOVE = YES;
				CLANG_WARN_UNGUARDED_AVAILABILITY = YES_AGGRESSIVE;
				CLANG_WARN_UNREACHABLE_CODE = YES;
				CLANG_WARN__DUPLICATE_METHOD_MATCH = YES;
				CODE_SIGN_IDENTITY = "iPhone Developer";
				COPY_PHASE_STRIP = NO;
				DEBUG_INFORMATION_FORMAT = dwarf;
				ENABLE_STRICT_OBJC_MSGSEND = YES;
				ENABLE_TESTABILITY = YES;
				GCC_C_LANGUAGE_STANDARD = gnu11;
				GCC_DYNAMIC_NO_PIC = NO;
				GCC_NO_COMMON_BLOCKS = YES;
				GCC_OPTIMIZATION_LEVEL = 0;
				GCC_PREPROCESSOR_DEFINITIONS = (
					"DEBUG=1",
					"$(inherited)",
				);
				GCC_WARN_64_TO_32_BIT_CONVERSION = YES;
				GCC_WARN_ABOUT_RETURN_TYPE = YES_ERROR;
				GCC_WARN_UNDECLARED_SELECTOR = YES;
				GCC_WARN_UNINITIALIZED_AUTOS = YES_AGGRESSIVE;
				GCC_WARN_UNUSED_FUNCTION = YES;
				GCC_WARN_UNUSED_VARIABLE = YES;
				IPHONEOS_DEPLOYMENT_TARGET = 12.2;
				MTL_ENABLE_DEBUG_INFO = INCLUDE_SOURCE;
				MTL_FAST_MATH = YES;
				ONLY_ACTIVE_ARCH = YES;
				SDKROOT = iphoneos;
				SWIFT_ACTIVE_COMPILATION_CONDITIONS = DEBUG;
				SWIFT_OPTIMIZATION_LEVEL = "-Onone";
			};
			name = Debug;
		};
		9A1EA77822C28D4C00ECD548 /* Release */ = {
			isa = XCBuildConfiguration;
			buildSettings = {
				ALWAYS_SEARCH_USER_PATHS = NO;
				CLANG_ANALYZER_NONNULL = YES;
				CLANG_ANALYZER_NUMBER_OBJECT_CONVERSION = YES_AGGRESSIVE;
				CLANG_CXX_LANGUAGE_STANDARD = "gnu++14";
				CLANG_CXX_LIBRARY = "libc++";
				CLANG_ENABLE_MODULES = YES;
				CLANG_ENABLE_OBJC_ARC = YES;
				CLANG_ENABLE_OBJC_WEAK = YES;
				CLANG_WARN_BLOCK_CAPTURE_AUTORELEASING = YES;
				CLANG_WARN_BOOL_CONVERSION = YES;
				CLANG_WARN_COMMA = YES;
				CLANG_WARN_CONSTANT_CONVERSION = YES;
				CLANG_WARN_DEPRECATED_OBJC_IMPLEMENTATIONS = YES;
				CLANG_WARN_DIRECT_OBJC_ISA_USAGE = YES_ERROR;
				CLANG_WARN_DOCUMENTATION_COMMENTS = YES;
				CLANG_WARN_EMPTY_BODY = YES;
				CLANG_WARN_ENUM_CONVERSION = YES;
				CLANG_WARN_INFINITE_RECURSION = YES;
				CLANG_WARN_INT_CONVERSION = YES;
				CLANG_WARN_NON_LITERAL_NULL_CONVERSION = YES;
				CLANG_WARN_OBJC_IMPLICIT_RETAIN_SELF = YES;
				CLANG_WARN_OBJC_LITERAL_CONVERSION = YES;
				CLANG_WARN_OBJC_ROOT_CLASS = YES_ERROR;
				CLANG_WARN_RANGE_LOOP_ANALYSIS = YES;
				CLANG_WARN_STRICT_PROTOTYPES = YES;
				CLANG_WARN_SUSPICIOUS_MOVE = YES;
				CLANG_WARN_UNGUARDED_AVAILABILITY = YES_AGGRESSIVE;
				CLANG_WARN_UNREACHABLE_CODE = YES;
				CLANG_WARN__DUPLICATE_METHOD_MATCH = YES;
				CODE_SIGN_IDENTITY = "iPhone Developer";
				COPY_PHASE_STRIP = NO;
				DEBUG_INFORMATION_FORMAT = "dwarf-with-dsym";
				ENABLE_NS_ASSERTIONS = NO;
				ENABLE_STRICT_OBJC_MSGSEND = YES;
				GCC_C_LANGUAGE_STANDARD = gnu11;
				GCC_NO_COMMON_BLOCKS = YES;
				GCC_WARN_64_TO_32_BIT_CONVERSION = YES;
				GCC_WARN_ABOUT_RETURN_TYPE = YES_ERROR;
				GCC_WARN_UNDECLARED_SELECTOR = YES;
				GCC_WARN_UNINITIALIZED_AUTOS = YES_AGGRESSIVE;
				GCC_WARN_UNUSED_FUNCTION = YES;
				GCC_WARN_UNUSED_VARIABLE = YES;
				IPHONEOS_DEPLOYMENT_TARGET = 12.2;
				MTL_ENABLE_DEBUG_INFO = NO;
				MTL_FAST_MATH = YES;
				SDKROOT = iphoneos;
				SWIFT_COMPILATION_MODE = wholemodule;
				SWIFT_OPTIMIZATION_LEVEL = "-O";
				VALIDATE_PRODUCT = YES;
			};
			name = Release;
		};
		9A1EA77A22C28D4C00ECD548 /* Debug */ = {
			isa = XCBuildConfiguration;
			baseConfigurationReference = E6F2580A7F9FEFC44C9E8FC1 /* Pods-LinioChallenge.debug.xcconfig */;
			buildSettings = {
				ASSETCATALOG_COMPILER_APPICON_NAME = AppIcon;
				CODE_SIGN_STYLE = Automatic;
				DEVELOPMENT_TEAM = V66CC3JPDJ;
				INFOPLIST_FILE = LinioChallenge/Info.plist;
				IPHONEOS_DEPLOYMENT_TARGET = 9.0;
				LD_RUNPATH_SEARCH_PATHS = (
					"$(inherited)",
					"@executable_path/Frameworks",
				);
				PRODUCT_BUNDLE_IDENTIFIER = Rb.LinioChallenge;
				PRODUCT_NAME = "$(TARGET_NAME)";
				SWIFT_VERSION = 5.0;
				TARGETED_DEVICE_FAMILY = "1,2";
			};
			name = Debug;
		};
		9A1EA77B22C28D4C00ECD548 /* Release */ = {
			isa = XCBuildConfiguration;
			baseConfigurationReference = 19F1DCD40D68E227A2A82F18 /* Pods-LinioChallenge.release.xcconfig */;
			buildSettings = {
				ASSETCATALOG_COMPILER_APPICON_NAME = AppIcon;
				CODE_SIGN_STYLE = Automatic;
				DEVELOPMENT_TEAM = V66CC3JPDJ;
				INFOPLIST_FILE = LinioChallenge/Info.plist;
				IPHONEOS_DEPLOYMENT_TARGET = 9.0;
				LD_RUNPATH_SEARCH_PATHS = (
					"$(inherited)",
					"@executable_path/Frameworks",
				);
				PRODUCT_BUNDLE_IDENTIFIER = Rb.LinioChallenge;
				PRODUCT_NAME = "$(TARGET_NAME)";
				SWIFT_VERSION = 5.0;
				TARGETED_DEVICE_FAMILY = "1,2";
			};
			name = Release;
		};
		9A1EA77D22C28D4C00ECD548 /* Debug */ = {
			isa = XCBuildConfiguration;
			baseConfigurationReference = 72A602FA65FF80F43498FE9F /* Pods-LinioChallengeTests.debug.xcconfig */;
			buildSettings = {
				ALWAYS_EMBED_SWIFT_STANDARD_LIBRARIES = YES;
				BUNDLE_LOADER = "$(TEST_HOST)";
				CODE_SIGN_STYLE = Automatic;
				DEVELOPMENT_TEAM = V66CC3JPDJ;
				INFOPLIST_FILE = LinioChallengeTests/Info.plist;
				LD_RUNPATH_SEARCH_PATHS = (
					"$(inherited)",
					"@executable_path/Frameworks",
					"@loader_path/Frameworks",
				);
				PRODUCT_BUNDLE_IDENTIFIER = Rb.LinioChallengeTests;
				PRODUCT_NAME = "$(TARGET_NAME)";
				SWIFT_VERSION = 5.0;
				TARGETED_DEVICE_FAMILY = "1,2";
				TEST_HOST = "$(BUILT_PRODUCTS_DIR)/LinioChallenge.app/LinioChallenge";
			};
			name = Debug;
		};
		9A1EA77E22C28D4C00ECD548 /* Release */ = {
			isa = XCBuildConfiguration;
			baseConfigurationReference = 9A8FA0A0D9726E88DF2E44FB /* Pods-LinioChallengeTests.release.xcconfig */;
			buildSettings = {
				ALWAYS_EMBED_SWIFT_STANDARD_LIBRARIES = YES;
				BUNDLE_LOADER = "$(TEST_HOST)";
				CODE_SIGN_STYLE = Automatic;
				DEVELOPMENT_TEAM = V66CC3JPDJ;
				INFOPLIST_FILE = LinioChallengeTests/Info.plist;
				LD_RUNPATH_SEARCH_PATHS = (
					"$(inherited)",
					"@executable_path/Frameworks",
					"@loader_path/Frameworks",
				);
				PRODUCT_BUNDLE_IDENTIFIER = Rb.LinioChallengeTests;
				PRODUCT_NAME = "$(TARGET_NAME)";
				SWIFT_VERSION = 5.0;
				TARGETED_DEVICE_FAMILY = "1,2";
				TEST_HOST = "$(BUILT_PRODUCTS_DIR)/LinioChallenge.app/LinioChallenge";
			};
			name = Release;
		};
		9A1EA78022C28D4C00ECD548 /* Debug */ = {
			isa = XCBuildConfiguration;
			baseConfigurationReference = 8BEA2486765646111839DA51 /* Pods-LinioChallengeUITests.debug.xcconfig */;
			buildSettings = {
				ALWAYS_EMBED_SWIFT_STANDARD_LIBRARIES = YES;
				CODE_SIGN_STYLE = Automatic;
				DEVELOPMENT_TEAM = V66CC3JPDJ;
				INFOPLIST_FILE = LinioChallengeUITests/Info.plist;
				LD_RUNPATH_SEARCH_PATHS = (
					"$(inherited)",
					"@executable_path/Frameworks",
					"@loader_path/Frameworks",
				);
				PRODUCT_BUNDLE_IDENTIFIER = Rb.LinioChallengeUITests;
				PRODUCT_NAME = "$(TARGET_NAME)";
				SWIFT_VERSION = 5.0;
				TARGETED_DEVICE_FAMILY = "1,2";
				TEST_TARGET_NAME = LinioChallenge;
			};
			name = Debug;
		};
		9A1EA78122C28D4C00ECD548 /* Release */ = {
			isa = XCBuildConfiguration;
			baseConfigurationReference = BA88BB72267B1928B4ECF948 /* Pods-LinioChallengeUITests.release.xcconfig */;
			buildSettings = {
				ALWAYS_EMBED_SWIFT_STANDARD_LIBRARIES = YES;
				CODE_SIGN_STYLE = Automatic;
				DEVELOPMENT_TEAM = V66CC3JPDJ;
				INFOPLIST_FILE = LinioChallengeUITests/Info.plist;
				LD_RUNPATH_SEARCH_PATHS = (
					"$(inherited)",
					"@executable_path/Frameworks",
					"@loader_path/Frameworks",
				);
				PRODUCT_BUNDLE_IDENTIFIER = Rb.LinioChallengeUITests;
				PRODUCT_NAME = "$(TARGET_NAME)";
				SWIFT_VERSION = 5.0;
				TARGETED_DEVICE_FAMILY = "1,2";
				TEST_TARGET_NAME = LinioChallenge;
			};
			name = Release;
		};
/* End XCBuildConfiguration section */

/* Begin XCConfigurationList section */
		9A1EA74922C28D4900ECD548 /* Build configuration list for PBXProject "LinioChallenge" */ = {
			isa = XCConfigurationList;
			buildConfigurations = (
				9A1EA77722C28D4C00ECD548 /* Debug */,
				9A1EA77822C28D4C00ECD548 /* Release */,
			);
			defaultConfigurationIsVisible = 0;
			defaultConfigurationName = Release;
		};
		9A1EA77922C28D4C00ECD548 /* Build configuration list for PBXNativeTarget "LinioChallenge" */ = {
			isa = XCConfigurationList;
			buildConfigurations = (
				9A1EA77A22C28D4C00ECD548 /* Debug */,
				9A1EA77B22C28D4C00ECD548 /* Release */,
			);
			defaultConfigurationIsVisible = 0;
			defaultConfigurationName = Release;
		};
		9A1EA77C22C28D4C00ECD548 /* Build configuration list for PBXNativeTarget "LinioChallengeTests" */ = {
			isa = XCConfigurationList;
			buildConfigurations = (
				9A1EA77D22C28D4C00ECD548 /* Debug */,
				9A1EA77E22C28D4C00ECD548 /* Release */,
			);
			defaultConfigurationIsVisible = 0;
			defaultConfigurationName = Release;
		};
		9A1EA77F22C28D4C00ECD548 /* Build configuration list for PBXNativeTarget "LinioChallengeUITests" */ = {
			isa = XCConfigurationList;
			buildConfigurations = (
				9A1EA78022C28D4C00ECD548 /* Debug */,
				9A1EA78122C28D4C00ECD548 /* Release */,
			);
			defaultConfigurationIsVisible = 0;
			defaultConfigurationName = Release;
		};
/* End XCConfigurationList section */

/* Begin XCVersionGroup section */
		9A1EA75822C28D4900ECD548 /* LinioChallenge.xcdatamodeld */ = {
			isa = XCVersionGroup;
			children = (
				9A1EA75922C28D4900ECD548 /* LinioChallenge.xcdatamodel */,
			);
			currentVersion = 9A1EA75922C28D4900ECD548 /* LinioChallenge.xcdatamodel */;
			path = LinioChallenge.xcdatamodeld;
			sourceTree = "<group>";
			versionGroupType = wrapper.xcdatamodel;
		};
/* End XCVersionGroup section */
	};
	rootObject = 9A1EA74622C28D4900ECD548 /* Project object */;
}
